
Microsoft Visual Studio Solution File, Format Version 12.00
# Visual Studio Version 17
VisualStudioVersion = 17.0.32014.148
MinimumVisualStudioVersion = 10.0.40219.1
Project("{9A19103F-16F7-4668-BE54-9A1E7A4F7556}") = "BoleteriaOnline.Web", "BoleteriaOnline.Web.csproj", "{62238154-2569-4015-92F3-4829D31B32CF}"
EndProject
Global
	GlobalSection(SolutionConfigurationPlatforms) = preSolution
		Debug|Any CPU = Debug|Any CPU
		Release|Any CPU = Release|Any CPU
	EndGlobalSection
	GlobalSection(ProjectConfigurationPlatforms) = postSolution
		{62238154-2569-4015-92F3-4829D31B32CF}.Debug|Any CPU.ActiveCfg = Debug|Any CPU
		{62238154-2569-4015-92F3-4829D31B32CF}.Debug|Any CPU.Build.0 = Debug|Any CPU
		{62238154-2569-4015-92F3-4829D31B32CF}.Release|Any CPU.ActiveCfg = Release|Any CPU
		{62238154-2569-4015-92F3-4829D31B32CF}.Release|Any CPU.Build.0 = Release|Any CPU
	EndGlobalSection
	GlobalSection(SolutionProperties) = preSolution
		HideSolutionNode = FALSE
	EndGlobalSection
	GlobalSection(ExtensibilityGlobals) = postSolution
		SolutionGuid = {287DE4DC-96BF-4227-81BB-198D935C6862}
	EndGlobalSection
EndGlobal
